// !$*UTF8*$!
{
	archiveVersion = 1;
	classes = {
	};
	objectVersion = 46;
	objects = {

/* Begin PBXBuildFile section */
		2444DF8F1EDB6D5A001E05A9 /* AppDelegate.swift in Sources */ = {isa = PBXBuildFile; fileRef = 2444DF8E1EDB6D5A001E05A9 /* AppDelegate.swift */; };
		2444DF911EDB6D5A001E05A9 /* SceneVC.swift in Sources */ = {isa = PBXBuildFile; fileRef = 2444DF901EDB6D5A001E05A9 /* SceneVC.swift */; };
		2444DF941EDB6D5A001E05A9 /* Main.storyboard in Resources */ = {isa = PBXBuildFile; fileRef = 2444DF921EDB6D5A001E05A9 /* Main.storyboard */; };
		2444DF961EDB6D5A001E05A9 /* Assets.xcassets in Resources */ = {isa = PBXBuildFile; fileRef = 2444DF951EDB6D5A001E05A9 /* Assets.xcassets */; };
		2444DF991EDB6D5A001E05A9 /* LaunchScreen.storyboard in Resources */ = {isa = PBXBuildFile; fileRef = 2444DF971EDB6D5A001E05A9 /* LaunchScreen.storyboard */; };
		2444DFA21EDB7118001E05A9 /* Shaders.metal in Sources */ = {isa = PBXBuildFile; fileRef = 2444DFA11EDB7118001E05A9 /* Shaders.metal */; };
/* End PBXBuildFile section */

/* Begin PBXFileReference section */
		2444DF8B1EDB6D5A001E05A9 /* Trapeze.app */ = {isa = PBXFileReference; explicitFileType = wrapper.application; includeInIndex = 0; path = Trapeze.app; sourceTree = BUILT_PRODUCTS_DIR; };
		2444DF8E1EDB6D5A001E05A9 /* AppDelegate.swift */ = {isa = PBXFileReference; lastKnownFileType = sourcecode.swift; path = AppDelegate.swift; sourceTree = "<group>"; };
		2444DF901EDB6D5A001E05A9 /* SceneVC.swift */ = {isa = PBXFileReference; lastKnownFileType = sourcecode.swift; path = SceneVC.swift; sourceTree = "<group>"; };
		2444DF931EDB6D5A001E05A9 /* Base */ = {isa = PBXFileReference; lastKnownFileType = file.storyboard; name = Base; path = Base.lproj/Main.storyboard; sourceTree = "<group>"; };
		2444DF951EDB6D5A001E05A9 /* Assets.xcassets */ = {isa = PBXFileReference; lastKnownFileType = folder.assetcatalog; path = Assets.xcassets; sourceTree = "<group>"; };
		2444DF981EDB6D5A001E05A9 /* Base */ = {isa = PBXFileReference; lastKnownFileType = file.storyboard; name = Base; path = Base.lproj/LaunchScreen.storyboard; sourceTree = "<group>"; };
		2444DF9A1EDB6D5A001E05A9 /* Info.plist */ = {isa = PBXFileReference; lastKnownFileType = text.plist.xml; path = Info.plist; sourceTree = "<group>"; };
		2444DFA11EDB7118001E05A9 /* Shaders.metal */ = {isa = PBXFileReference; fileEncoding = 4; lastKnownFileType = sourcecode.metal; path = Shaders.metal; sourceTree = "<group>"; };
/* End PBXFileReference section */

/* Begin PBXFrameworksBuildPhase section */
		2444DF881EDB6D5A001E05A9 /* Frameworks */ = {
			isa = PBXFrameworksBuildPhase;
			buildActionMask = 2147483647;
			files = (
			);
			runOnlyForDeploymentPostprocessing = 0;
		};
/* End PBXFrameworksBuildPhase section */

/* Begin PBXGroup section */
		2444DF821EDB6D5A001E05A9 = {
			isa = PBXGroup;
			children = (
				2444DF8D1EDB6D5A001E05A9 /* Trapeze */,
				2444DF8C1EDB6D5A001E05A9 /* Products */,
			);
			sourceTree = "<group>";
		};
		2444DF8C1EDB6D5A001E05A9 /* Products */ = {
			isa = PBXGroup;
			children = (
				2444DF8B1EDB6D5A001E05A9 /* Trapeze.app */,
			);
			name = Products;
			sourceTree = "<group>";
		};
		2444DF8D1EDB6D5A001E05A9 /* Trapeze */ = {
			isa = PBXGroup;
			children = (
				2444DFA01EDB6DE0001E05A9 /* Supporting Files */,
				2444DF901EDB6D5A001E05A9 /* SceneVC.swift */,
				2444DFA11EDB7118001E05A9 /* Shaders.metal */,
				2444DF921EDB6D5A001E05A9 /* Main.storyboard */,
			);
			path = Trapeze;
			sourceTree = "<group>";
		};
		2444DFA01EDB6DE0001E05A9 /* Supporting Files */ = {
			isa = PBXGroup;
			children = (
				2444DF8E1EDB6D5A001E05A9 /* AppDelegate.swift */,
				2444DF951EDB6D5A001E05A9 /* Assets.xcassets */,
				2444DF971EDB6D5A001E05A9 /* LaunchScreen.storyboard */,
				2444DF9A1EDB6D5A001E05A9 /* Info.plist */,
			);
			name = "Supporting Files";
			sourceTree = "<group>";
		};
/* End PBXGroup section */

/* Begin PBXNativeTarget section */
		2444DF8A1EDB6D5A001E05A9 /* Trapeze */ = {
			isa = PBXNativeTarget;
			buildConfigurationList = 2444DF9D1EDB6D5A001E05A9 /* Build configuration list for PBXNativeTarget "Trapeze" */;
			buildPhases = (
				2444DF871EDB6D5A001E05A9 /* Sources */,
				2444DF881EDB6D5A001E05A9 /* Frameworks */,
				2444DF891EDB6D5A001E05A9 /* Resources */,
			);
			buildRules = (
			);
			dependencies = (
			);
			name = Trapeze;
			productName = Trapeze;
			productReference = 2444DF8B1EDB6D5A001E05A9 /* Trapeze.app */;
			productType = "com.apple.product-type.application";
		};
/* End PBXNativeTarget section */

/* Begin PBXProject section */
		2444DF831EDB6D5A001E05A9 /* Project object */ = {
			isa = PBXProject;
			attributes = {
				LastSwiftUpdateCheck = 0820;
				LastUpgradeCheck = 0820;
				ORGANIZATIONNAME = "Nikita Pokidyshev";
				TargetAttributes = {
					2444DF8A1EDB6D5A001E05A9 = {
						CreatedOnToolsVersion = 8.2.1;
						DevelopmentTeam = 7ZQCDQ9H25;
						ProvisioningStyle = Automatic;
					};
				};
			};
			buildConfigurationList = 2444DF861EDB6D5A001E05A9 /* Build configuration list for PBXProject "Trapeze" */;
			compatibilityVersion = "Xcode 3.2";
			developmentRegion = English;
			hasScannedForEncodings = 0;
			knownRegions = (
				en,
				Base,
			);
			mainGroup = 2444DF821EDB6D5A001E05A9;
			productRefGroup = 2444DF8C1EDB6D5A001E05A9 /* Products */;
			projectDirPath = "";
			projectRoot = "";
			targets = (
				2444DF8A1EDB6D5A001E05A9 /* Trapeze */,
			);
		};
/* End PBXProject section */

/* Begin PBXResourcesBuildPhase section */
		2444DF891EDB6D5A001E05A9 /* Resources */ = {
			isa = PBXResourcesBuildPhase;
			buildActionMask = 2147483647;
			files = (
				2444DF991EDB6D5A001E05A9 /* LaunchScreen.storyboard in Resources */,
				2444DF961EDB6D5A001E05A9 /* Assets.xcassets in Resources */,
				2444DF941EDB6D5A001E05A9 /* Main.storyboard in Resources */,
			);
			runOnlyForDeploymentPostprocessing = 0;
		};
/* End PBXResourcesBuildPhase section */

/* Begin PBXSourcesBuildPhase section */
		2444DF871EDB6D5A001E05A9 /* Sources */ = {
			isa = PBXSourcesBuildPhase;
			buildActionMask = 2147483647;
			files = (
				2444DFA21EDB7118001E05A9 /* Shaders.metal in Sources */,
				2444DF911EDB6D5A001E05A9 /* SceneVC.swift in Sources */,
				2444DF8F1EDB6D5A001E05A9 /* AppDelegate.swift in Sources */,
			);
			runOnlyForDeploymentPostprocessing = 0;
		};
/* End PBXSourcesBuildPhase section */

/* Begin PBXVariantGroup section */
		2444DF921EDB6D5A001E05A9 /* Main.storyboard */ = {
			isa = PBXVariantGroup;
			children = (
				2444DF931EDB6D5A001E05A9 /* Base */,
			);
			name = Main.storyboard;
			sourceTree = "<group>";
		};
		2444DF971EDB6D5A001E05A9 /* LaunchScreen.storyboard */ = {
			isa = PBXVariantGroup;
			children = (
				2444DF981EDB6D5A001E05A9 /* Base */,
			);
			name = LaunchScreen.storyboard;
			sourceTree = "<group>";
		};
/* End PBXVariantGroup section */

/* Begin XCBuildConfiguration section */
		2444DF9B1EDB6D5A001E05A9 /* Debug */ = {
			isa = XCBuildConfiguration;
			buildSettings = {
				ALWAYS_SEARCH_USER_PATHS = NO;
				CLANG_ANALYZER_NONNULL = YES;
				CLANG_CXX_LANGUAGE_STANDARD = "gnu++0x";
				CLANG_CXX_LIBRARY = "libc++";
				CLANG_ENABLE_MODULES = YES;
				CLANG_ENABLE_OBJC_ARC = YES;
				CLANG_WARN_BOOL_CONVERSION = YES;
				CLANG_WARN_CONSTANT_CONVERSION = YES;
				CLANG_WARN_DIRECT_OBJC_ISA_USAGE = YES_ERROR;
				CLANG_WARN_DOCUMENTATION_COMMENTS = YES;
				CLANG_WARN_EMPTY_BODY = YES;
				CLANG_WARN_ENUM_CONVERSION = YES;
				CLANG_WARN_INFINITE_RECURSION = YES;
				CLANG_WARN_INT_CONVERSION = YES;
				CLANG_WARN_OBJC_ROOT_CLASS = YES_ERROR;
				CLANG_WARN_SUSPICIOUS_MOVE = YES;
				CLANG_WARN_UNREACHABLE_CODE = YES;
				CLANG_WARN__DUPLICATE_METHOD_MATCH = YES;
				"CODE_SIGN_IDENTITY[sdk=iphoneos*]" = "iPhone Developer";
				COPY_PHASE_STRIP = NO;
				DEBUG_INFORMATION_FORMAT = dwarf;
				ENABLE_STRICT_OBJC_MSGSEND = YES;
				ENABLE_TESTABILITY = YES;
				GCC_C_LANGUAGE_STANDARD = gnu99;
				GCC_DYNAMIC_NO_PIC = NO;
				GCC_NO_COMMON_BLOCKS = YES;
				GCC_OPTIMIZATION_LEVEL = 0;
				GCC_PREPROCESSOR_DEFINITIONS = (
					"DEBUG=1",
					"$(inherited)",
				);
				GCC_WARN_64_TO_32_BIT_CONVERSION = YES;
				GCC_WARN_ABOUT_RETURN_TYPE = YES_ERROR;
				GCC_WARN_UNDECLARED_SELECTOR = YES;
				GCC_WARN_UNINITIALIZED_AUTOS = YES_AGGRESSIVE;
				GCC_WARN_UNUSED_FUNCTION = YES;
				GCC_WARN_UNUSED_VARIABLE = YES;
				IPHONEOS_DEPLOYMENT_TARGET = 10.2;
				MTL_ENABLE_DEBUG_INFO = YES;
				ONLY_ACTIVE_ARCH = YES;
				SDKROOT = iphoneos;
				SWIFT_ACTIVE_COMPILATION_CONDITIONS = DEBUG;
				SWIFT_OPTIMIZATION_LEVEL = "-Onone";
				TARGETED_DEVICE_FAMILY = "1,2";
			};
			name = Debug;
		};
		2444DF9C1EDB6D5A001E05A9 /* Release */ = {
			isa = XCBuildConfiguration;
			buildSettings = {
				ALWAYS_SEARCH_USER_PATHS = NO;
				CLANG_ANALYZER_NONNULL = YES;
				CLANG_CXX_LANGUAGE_STANDARD = "gnu++0x";
				CLANG_CXX_LIBRARY = "libc++";
				CLANG_ENABLE_MODULES = YES;
				CLANG_ENABLE_OBJC_ARC = YES;
				CLANG_WARN_BOOL_CONVERSION = YES;
				CLANG_WARN_CONSTANT_CONVERSION = YES;
				CLANG_WARN_DIRECT_OBJC_ISA_USAGE = YES_ERROR;
				CLANG_WARN_DOCUMENTATION_COMMENTS = YES;
				CLANG_WARN_EMPTY_BODY = YES;
				CLANG_WARN_ENUM_CONVERSION = YES;
				CLANG_WARN_INFINITE_RECURSION = YES;
				CLANG_WARN_INT_CONVERSION = YES;
				CLANG_WARN_OBJC_ROOT_CLASS = YES_ERROR;
				CLANG_WARN_SUSPICIOUS_MOVE = YES;
				CLANG_WARN_UNREACHABLE_CODE = YES;
				CLANG_WARN__DUPLICATE_METHOD_MATCH = YES;
				"CODE_SIGN_IDENTITY[sdk=iphoneos*]" = "iPhone Developer";
				COPY_PHASE_STRIP = NO;
				DEBUG_INFORMATION_FORMAT = "dwarf-with-dsym";
				ENABLE_NS_ASSERTIONS = NO;
				ENABLE_STRICT_OBJC_MSGSEND = YES;
				GCC_C_LANGUAGE_STANDARD = gnu99;
				GCC_NO_COMMON_BLOCKS = YES;
				GCC_WARN_64_TO_32_BIT_CONVERSION = YES;
				GCC_WARN_ABOUT_RETURN_TYPE = YES_ERROR;
				GCC_WARN_UNDECLARED_SELECTOR = YES;
				GCC_WARN_UNINITIALIZED_AUTOS = YES_AGGRESSIVE;
				GCC_WARN_UNUSED_FUNCTION = YES;
				GCC_WARN_UNUSED_VARIABLE = YES;
				IPHONEOS_DEPLOYMENT_TARGET = 10.2;
				MTL_ENABLE_DEBUG_INFO = NO;
				SDKROOT = iphoneos;
				SWIFT_OPTIMIZATION_LEVEL = "-Owholemodule";
				TARGETED_DEVICE_FAMILY = "1,2";
				VALIDATE_PRODUCT = YES;
			};
			name = Release;
		};
		2444DF9E1EDB6D5A001E05A9 /* Debug */ = {
			isa = XCBuildConfiguration;
			buildSettings = {
				ASSETCATALOG_COMPILER_APPICON_NAME = AppIcon;
				DEVELOPMENT_TEAM = 7ZQCDQ9H25;
				INFOPLIST_FILE = Trapeze/Info.plist;
				LD_RUNPATH_SEARCH_PATHS = "$(inherited) @executable_path/Frameworks";
				PRODUCT_BUNDLE_IDENTIFIER = nikita.pokidyshev.Trapeze;
				PRODUCT_NAME = "$(TARGET_NAME)";
				SWIFT_VERSION = 3.0;
			};
			name = Debug;
		};
		2444DF9F1EDB6D5A001E05A9 /* Release */ = {
			isa = XCBuildConfiguration;
			buildSettings = {
				ASSETCATALOG_COMPILER_APPICON_NAME = AppIcon;
				DEVELOPMENT_TEAM = 7ZQCDQ9H25;
				INFOPLIST_FILE = Trapeze/Info.plist;
				LD_RUNPATH_SEARCH_PATHS = "$(inherited) @executable_path/Frameworks";
				PRODUCT_BUNDLE_IDENTIFIER = nikita.pokidyshev.Trapeze;
				PRODUCT_NAME = "$(TARGET_NAME)";
				SWIFT_VERSION = 3.0;
			};
			name = Release;
		};
/* End XCBuildConfiguration section */

/* Begin XCConfigurationList section */
		2444DF861EDB6D5A001E05A9 /* Build configuration list for PBXProject "Trapeze" */ = {
			isa = XCConfigurationList;
			buildConfigurations = (
				2444DF9B1EDB6D5A001E05A9 /* Debug */,
				2444DF9C1EDB6D5A001E05A9 /* Release */,
			);
			defaultConfigurationIsVisible = 0;
			defaultConfigurationName = Release;
		};
		2444DF9D1EDB6D5A001E05A9 /* Build configuration list for PBXNativeTarget "Trapeze" */ = {
			isa = XCConfigurationList;
			buildConfigurations = (
				2444DF9E1EDB6D5A001E05A9 /* Debug */,
				2444DF9F1EDB6D5A001E05A9 /* Release */,
			);
			defaultConfigurationIsVisible = 0;
		};
/* End XCConfigurationList section */
	};
	rootObject = 2444DF831EDB6D5A001E05A9 /* Project object */;
}
